
Microsoft Visual Studio Solution File, Format Version 12.00
# Visual Studio Version 17
VisualStudioVersion = 17.1.32319.34
MinimumVisualStudioVersion = 10.0.40219.1
Project("{9A19103F-16F7-4668-BE54-9A1E7A4F7556}") = "AuthentiKitTuningApp.ViewModel", "AuthentiKitTuningApp.ViewModel\AuthentiKitTuningApp.ViewModel.csproj", "{7917DDCB-23B8-480B-ACEF-E8AC6077CCBA}"
EndProject
Project("{9A19103F-16F7-4668-BE54-9A1E7A4F7556}") = "AuthentiKitTuningApp.Common", "AuthentiKitTuningApp.Common\AuthentiKitTuningApp.Common.csproj", "{F8334BA6-910B-4F6B-98E7-91CBB0FA644F}"
EndProject
Project("{9A19103F-16F7-4668-BE54-9A1E7A4F7556}") = "AuthentiKitTuningApp.Processor", "AuthentiKitTuningApp.Processor\AuthentiKitTuningApp.Processor.csproj", "{60A14763-F721-47AB-9242-5E4D08467E02}"
EndProject
Project("{9A19103F-16F7-4668-BE54-9A1E7A4F7556}") = "AuthentiKitTuningApp", "AuthentiKitTuningApp\AuthentiKitTuningApp.csproj", "{6961E85C-AE8A-4BC1-8992-B383FCD7F96E}"
EndProject
Project("{54435603-DBB4-11D2-8724-00A0C9A8B90C}") = "AuthentiKitTuningApp.Installer", "AuthentiKitTuningApp.Installer\AuthentiKitTrimCalibration.Installer.vdproj", "{41B037C0-A4A7-4762-8FCB-F3B8FDEBB5BC}"
EndProject
Project("{FAE04EC0-301F-11D3-BF4B-00C04F79EFBC}") = "AuthentiKitTuningApp.Test", "AuthentiKitTuningApp.Test\AuthentiKitTuningApp.Test.csproj", "{DC0DA153-D8BC-48D5-B1E6-9C092D1FC8D2}"
EndProject
Global
	GlobalSection(SolutionConfigurationPlatforms) = preSolution
		Debug|Any CPU = Debug|Any CPU
		Debug|x86 = Debug|x86
		Release|Any CPU = Release|Any CPU
		Release|x86 = Release|x86
	EndGlobalSection
	GlobalSection(ProjectConfigurationPlatforms) = postSolution
		{7917DDCB-23B8-480B-ACEF-E8AC6077CCBA}.Debug|Any CPU.ActiveCfg = Debug|Any CPU
		{7917DDCB-23B8-480B-ACEF-E8AC6077CCBA}.Debug|Any CPU.Build.0 = Debug|Any CPU
		{7917DDCB-23B8-480B-ACEF-E8AC6077CCBA}.Debug|x86.ActiveCfg = Debug|Any CPU
		{7917DDCB-23B8-480B-ACEF-E8AC6077CCBA}.Debug|x86.Build.0 = Debug|Any CPU
		{7917DDCB-23B8-480B-ACEF-E8AC6077CCBA}.Release|Any CPU.ActiveCfg = Release|Any CPU
		{7917DDCB-23B8-480B-ACEF-E8AC6077CCBA}.Release|Any CPU.Build.0 = Release|Any CPU
		{7917DDCB-23B8-480B-ACEF-E8AC6077CCBA}.Release|x86.ActiveCfg = Release|Any CPU
		{7917DDCB-23B8-480B-ACEF-E8AC6077CCBA}.Release|x86.Build.0 = Release|Any CPU
		{F8334BA6-910B-4F6B-98E7-91CBB0FA644F}.Debug|Any CPU.ActiveCfg = Debug|Any CPU
		{F8334BA6-910B-4F6B-98E7-91CBB0FA644F}.Debug|Any CPU.Build.0 = Debug|Any CPU
		{F8334BA6-910B-4F6B-98E7-91CBB0FA644F}.Debug|x86.ActiveCfg = Debug|Any CPU
		{F8334BA6-910B-4F6B-98E7-91CBB0FA644F}.Debug|x86.Build.0 = Debug|Any CPU
		{F8334BA6-910B-4F6B-98E7-91CBB0FA644F}.Release|Any CPU.ActiveCfg = Release|Any CPU
		{F8334BA6-910B-4F6B-98E7-91CBB0FA644F}.Release|Any CPU.Build.0 = Release|Any CPU
		{F8334BA6-910B-4F6B-98E7-91CBB0FA644F}.Release|x86.ActiveCfg = Release|Any CPU
		{F8334BA6-910B-4F6B-98E7-91CBB0FA644F}.Release|x86.Build.0 = Release|Any CPU
		{60A14763-F721-47AB-9242-5E4D08467E02}.Debug|Any CPU.ActiveCfg = Debug|Any CPU
		{60A14763-F721-47AB-9242-5E4D08467E02}.Debug|Any CPU.Build.0 = Debug|Any CPU
		{60A14763-F721-47AB-9242-5E4D08467E02}.Debug|x86.ActiveCfg = Debug|Any CPU
		{60A14763-F721-47AB-9242-5E4D08467E02}.Debug|x86.Build.0 = Debug|Any CPU
		{60A14763-F721-47AB-9242-5E4D08467E02}.Release|Any CPU.ActiveCfg = Release|Any CPU
		{60A14763-F721-47AB-9242-5E4D08467E02}.Release|Any CPU.Build.0 = Release|Any CPU
		{60A14763-F721-47AB-9242-5E4D08467E02}.Release|x86.ActiveCfg = Release|Any CPU
		{60A14763-F721-47AB-9242-5E4D08467E02}.Release|x86.Build.0 = Release|Any CPU
		{6961E85C-AE8A-4BC1-8992-B383FCD7F96E}.Debug|Any CPU.ActiveCfg = Debug|Any CPU
		{6961E85C-AE8A-4BC1-8992-B383FCD7F96E}.Debug|Any CPU.Build.0 = Debug|Any CPU
		{6961E85C-AE8A-4BC1-8992-B383FCD7F96E}.Debug|x86.ActiveCfg = Debug|x86
		{6961E85C-AE8A-4BC1-8992-B383FCD7F96E}.Debug|x86.Build.0 = Debug|x86
		{6961E85C-AE8A-4BC1-8992-B383FCD7F96E}.Release|Any CPU.ActiveCfg = Release|Any CPU
		{6961E85C-AE8A-4BC1-8992-B383FCD7F96E}.Release|Any CPU.Build.0 = Release|Any CPU
		{6961E85C-AE8A-4BC1-8992-B383FCD7F96E}.Release|x86.ActiveCfg = Release|x86
		{6961E85C-AE8A-4BC1-8992-B383FCD7F96E}.Release|x86.Build.0 = Release|x86
		{41B037C0-A4A7-4762-8FCB-F3B8FDEBB5BC}.Debug|Any CPU.ActiveCfg = Debug
		{41B037C0-A4A7-4762-8FCB-F3B8FDEBB5BC}.Debug|Any CPU.Build.0 = Debug
		{41B037C0-A4A7-4762-8FCB-F3B8FDEBB5BC}.Debug|x86.ActiveCfg = Debug
		{41B037C0-A4A7-4762-8FCB-F3B8FDEBB5BC}.Release|Any CPU.ActiveCfg = Release
		{41B037C0-A4A7-4762-8FCB-F3B8FDEBB5BC}.Release|Any CPU.Build.0 = Release
		{41B037C0-A4A7-4762-8FCB-F3B8FDEBB5BC}.Release|x86.ActiveCfg = Release
		{DC0DA153-D8BC-48D5-B1E6-9C092D1FC8D2}.Debug|Any CPU.ActiveCfg = Debug|Any CPU
		{DC0DA153-D8BC-48D5-B1E6-9C092D1FC8D2}.Debug|Any CPU.Build.0 = Debug|Any CPU
		{DC0DA153-D8BC-48D5-B1E6-9C092D1FC8D2}.Debug|x86.ActiveCfg = Debug|Any CPU
		{DC0DA153-D8BC-48D5-B1E6-9C092D1FC8D2}.Debug|x86.Build.0 = Debug|Any CPU
		{DC0DA153-D8BC-48D5-B1E6-9C092D1FC8D2}.Release|Any CPU.ActiveCfg = Release|Any CPU
		{DC0DA153-D8BC-48D5-B1E6-9C092D1FC8D2}.Release|Any CPU.Build.0 = Release|Any CPU
		{DC0DA153-D8BC-48D5-B1E6-9C092D1FC8D2}.Release|x86.ActiveCfg = Release|Any CPU
		{DC0DA153-D8BC-48D5-B1E6-9C092D1FC8D2}.Release|x86.Build.0 = Release|Any CPU
	EndGlobalSection
	GlobalSection(SolutionProperties) = preSolution
		HideSolutionNode = FALSE
	EndGlobalSection
	GlobalSection(ExtensibilityGlobals) = postSolution
		SolutionGuid = {6071145F-845F-48F7-8FB9-791D2E854D20}
	EndGlobalSection
EndGlobal
